// !$*UTF8*$!
{
	archiveVersion = 1;
	classes = {
	};
	objectVersion = 51;
	objects = {

/* Begin PBXBuildFile section */
		3AE10AC9CEF01E6789403AB2 /* Pods_Currency_Converter.framework in Frameworks */ = {isa = PBXBuildFile; fileRef = 0DBE0CADF00503DC3D005661 /* Pods_Currency_Converter.framework */; };
		54A8DF9723C549F300D1F36F /* AppDelegate.swift in Sources */ = {isa = PBXBuildFile; fileRef = 54A8DF9623C549F300D1F36F /* AppDelegate.swift */; };
		54A8DF9B23C549F300D1F36F /* CountriesVC.swift in Sources */ = {isa = PBXBuildFile; fileRef = 54A8DF9A23C549F300D1F36F /* CountriesVC.swift */; };
		54A8DF9E23C549F300D1F36F /* Main.storyboard in Resources */ = {isa = PBXBuildFile; fileRef = 54A8DF9C23C549F300D1F36F /* Main.storyboard */; };
		54A8DFA023C549F400D1F36F /* Assets.xcassets in Resources */ = {isa = PBXBuildFile; fileRef = 54A8DF9F23C549F400D1F36F /* Assets.xcassets */; };
		54A8DFA323C549F400D1F36F /* LaunchScreen.storyboard in Resources */ = {isa = PBXBuildFile; fileRef = 54A8DFA123C549F400D1F36F /* LaunchScreen.storyboard */; };
		54A8DFAD23C555E800D1F36F /* countries_list.json in Resources */ = {isa = PBXBuildFile; fileRef = 54A8DFAC23C555E800D1F36F /* countries_list.json */; };
		54A8DFAF23C557F500D1F36F /* BaseVC.swift in Sources */ = {isa = PBXBuildFile; fileRef = 54A8DFAE23C557F500D1F36F /* BaseVC.swift */; };
		54A8DFB123C5581800D1F36F /* UIView+Extensions.swift in Sources */ = {isa = PBXBuildFile; fileRef = 54A8DFB023C5581800D1F36F /* UIView+Extensions.swift */; };
		54A8DFB323C5583400D1F36F /* GeneralConstants.swift in Sources */ = {isa = PBXBuildFile; fileRef = 54A8DFB223C5583400D1F36F /* GeneralConstants.swift */; };
		54A8DFB523C558A900D1F36F /* Utils.swift in Sources */ = {isa = PBXBuildFile; fileRef = 54A8DFB423C558A900D1F36F /* Utils.swift */; };
		54A8DFB723C558CA00D1F36F /* Colors.swift in Sources */ = {isa = PBXBuildFile; fileRef = 54A8DFB623C558CA00D1F36F /* Colors.swift */; };
		54A8DFBC23C559C100D1F36F /* Country.swift in Sources */ = {isa = PBXBuildFile; fileRef = 54A8DFBB23C559C100D1F36F /* Country.swift */; };
		54A8DFBE23C55ABC00D1F36F /* Countries+ViewModel.swift in Sources */ = {isa = PBXBuildFile; fileRef = 54A8DFBD23C55ABC00D1F36F /* Countries+ViewModel.swift */; };
		54A8DFC023C55B9400D1F36F /* Countries+Repository.swift in Sources */ = {isa = PBXBuildFile; fileRef = 54A8DFBF23C55B9400D1F36F /* Countries+Repository.swift */; };
		54A8DFC223C55D1500D1F36F /* Countries+UseCases.swift in Sources */ = {isa = PBXBuildFile; fileRef = 54A8DFC123C55D1500D1F36F /* Countries+UseCases.swift */; };
		54A8DFC423C5696200D1F36F /* Countries+Injection.swift in Sources */ = {isa = PBXBuildFile; fileRef = 54A8DFC323C5696200D1F36F /* Countries+Injection.swift */; };
/* End PBXBuildFile section */

/* Begin PBXFileReference section */
		0DBE0CADF00503DC3D005661 /* Pods_Currency_Converter.framework */ = {isa = PBXFileReference; explicitFileType = wrapper.framework; includeInIndex = 0; path = Pods_Currency_Converter.framework; sourceTree = BUILT_PRODUCTS_DIR; };
		1D1E75E1AC2DBA2BEB459C21 /* Pods-Currency Converter.release.xcconfig */ = {isa = PBXFileReference; includeInIndex = 1; lastKnownFileType = text.xcconfig; name = "Pods-Currency Converter.release.xcconfig"; path = "Target Support Files/Pods-Currency Converter/Pods-Currency Converter.release.xcconfig"; sourceTree = "<group>"; };
		54A8DF9323C549F300D1F36F /* Currency Converter.app */ = {isa = PBXFileReference; explicitFileType = wrapper.application; includeInIndex = 0; path = "Currency Converter.app"; sourceTree = BUILT_PRODUCTS_DIR; };
		54A8DF9623C549F300D1F36F /* AppDelegate.swift */ = {isa = PBXFileReference; lastKnownFileType = sourcecode.swift; path = AppDelegate.swift; sourceTree = "<group>"; };
		54A8DF9A23C549F300D1F36F /* CountriesVC.swift */ = {isa = PBXFileReference; lastKnownFileType = sourcecode.swift; path = CountriesVC.swift; sourceTree = "<group>"; };
		54A8DF9D23C549F300D1F36F /* Base */ = {isa = PBXFileReference; lastKnownFileType = file.storyboard; name = Base; path = Base.lproj/Main.storyboard; sourceTree = "<group>"; };
		54A8DF9F23C549F400D1F36F /* Assets.xcassets */ = {isa = PBXFileReference; lastKnownFileType = folder.assetcatalog; path = Assets.xcassets; sourceTree = "<group>"; };
		54A8DFA223C549F400D1F36F /* Base */ = {isa = PBXFileReference; lastKnownFileType = file.storyboard; name = Base; path = Base.lproj/LaunchScreen.storyboard; sourceTree = "<group>"; };
		54A8DFA423C549F400D1F36F /* Info.plist */ = {isa = PBXFileReference; lastKnownFileType = text.plist.xml; path = Info.plist; sourceTree = "<group>"; };
		54A8DFAC23C555E800D1F36F /* countries_list.json */ = {isa = PBXFileReference; fileEncoding = 4; lastKnownFileType = text.json; path = countries_list.json; sourceTree = "<group>"; };
		54A8DFAE23C557F500D1F36F /* BaseVC.swift */ = {isa = PBXFileReference; lastKnownFileType = sourcecode.swift; path = BaseVC.swift; sourceTree = "<group>"; };
		54A8DFB023C5581800D1F36F /* UIView+Extensions.swift */ = {isa = PBXFileReference; lastKnownFileType = sourcecode.swift; path = "UIView+Extensions.swift"; sourceTree = "<group>"; };
		54A8DFB223C5583400D1F36F /* GeneralConstants.swift */ = {isa = PBXFileReference; lastKnownFileType = sourcecode.swift; path = GeneralConstants.swift; sourceTree = "<group>"; };
		54A8DFB423C558A900D1F36F /* Utils.swift */ = {isa = PBXFileReference; lastKnownFileType = sourcecode.swift; path = Utils.swift; sourceTree = "<group>"; };
		54A8DFB623C558CA00D1F36F /* Colors.swift */ = {isa = PBXFileReference; lastKnownFileType = sourcecode.swift; path = Colors.swift; sourceTree = "<group>"; };
		54A8DFBB23C559C100D1F36F /* Country.swift */ = {isa = PBXFileReference; lastKnownFileType = sourcecode.swift; path = Country.swift; sourceTree = "<group>"; };
		54A8DFBD23C55ABC00D1F36F /* Countries+ViewModel.swift */ = {isa = PBXFileReference; lastKnownFileType = sourcecode.swift; path = "Countries+ViewModel.swift"; sourceTree = "<group>"; };
		54A8DFBF23C55B9400D1F36F /* Countries+Repository.swift */ = {isa = PBXFileReference; lastKnownFileType = sourcecode.swift; path = "Countries+Repository.swift"; sourceTree = "<group>"; };
		54A8DFC123C55D1500D1F36F /* Countries+UseCases.swift */ = {isa = PBXFileReference; lastKnownFileType = sourcecode.swift; path = "Countries+UseCases.swift"; sourceTree = "<group>"; };
		54A8DFC323C5696200D1F36F /* Countries+Injection.swift */ = {isa = PBXFileReference; lastKnownFileType = sourcecode.swift; path = "Countries+Injection.swift"; sourceTree = "<group>"; };
		F3783E4BC501341F4BD4757A /* Pods-Currency Converter.debug.xcconfig */ = {isa = PBXFileReference; includeInIndex = 1; lastKnownFileType = text.xcconfig; name = "Pods-Currency Converter.debug.xcconfig"; path = "Target Support Files/Pods-Currency Converter/Pods-Currency Converter.debug.xcconfig"; sourceTree = "<group>"; };
/* End PBXFileReference section */

/* Begin PBXFrameworksBuildPhase section */
		54A8DF9023C549F300D1F36F /* Frameworks */ = {
			isa = PBXFrameworksBuildPhase;
			buildActionMask = 2147483647;
			files = (
				3AE10AC9CEF01E6789403AB2 /* Pods_Currency_Converter.framework in Frameworks */,
			);
			runOnlyForDeploymentPostprocessing = 0;
		};
/* End PBXFrameworksBuildPhase section */

/* Begin PBXGroup section */
		54A8DF8A23C549F300D1F36F = {
			isa = PBXGroup;
			children = (
				54A8DF9523C549F300D1F36F /* Currency Converter */,
				54A8DF9423C549F300D1F36F /* Products */,
				CF8CA40D5E9AFE3F637153E5 /* Pods */,
				B8EBE9AB10BA951FE5215C1E /* Frameworks */,
			);
			sourceTree = "<group>";
		};
		54A8DF9423C549F300D1F36F /* Products */ = {
			isa = PBXGroup;
			children = (
				54A8DF9323C549F300D1F36F /* Currency Converter.app */,
			);
			name = Products;
			sourceTree = "<group>";
		};
		54A8DF9523C549F300D1F36F /* Currency Converter */ = {
			isa = PBXGroup;
			children = (
				54A8DFB823C5598A00D1F36F /* Countries */,
				54A8DF9623C549F300D1F36F /* AppDelegate.swift */,
				54A8DF9C23C549F300D1F36F /* Main.storyboard */,
				54A8DF9F23C549F400D1F36F /* Assets.xcassets */,
				54A8DFA123C549F400D1F36F /* LaunchScreen.storyboard */,
				54A8DFAB23C54EC200D1F36F /* Resources */,
				54A8DFAA23C54EBC00D1F36F /* Core */,
				54A8DFA423C549F400D1F36F /* Info.plist */,
			);
			path = "Currency Converter";
			sourceTree = "<group>";
		};
		54A8DFAA23C54EBC00D1F36F /* Core */ = {
			isa = PBXGroup;
			children = (
				54A8DFAE23C557F500D1F36F /* BaseVC.swift */,
				54A8DFB023C5581800D1F36F /* UIView+Extensions.swift */,
				54A8DFB223C5583400D1F36F /* GeneralConstants.swift */,
				54A8DFB423C558A900D1F36F /* Utils.swift */,
				54A8DFB623C558CA00D1F36F /* Colors.swift */,
			);
			path = Core;
			sourceTree = "<group>";
		};
		54A8DFAB23C54EC200D1F36F /* Resources */ = {
			isa = PBXGroup;
			children = (
				54A8DFAC23C555E800D1F36F /* countries_list.json */,
			);
			path = Resources;
			sourceTree = "<group>";
		};
		54A8DFB823C5598A00D1F36F /* Countries */ = {
			isa = PBXGroup;
			children = (
				54A8DFBA23C559AD00D1F36F /* Countries+Models */,
				54A8DF9A23C549F300D1F36F /* CountriesVC.swift */,
				54A8DFBD23C55ABC00D1F36F /* Countries+ViewModel.swift */,
				54A8DFBF23C55B9400D1F36F /* Countries+Repository.swift */,
				54A8DFC123C55D1500D1F36F /* Countries+UseCases.swift */,
				54A8DFC323C5696200D1F36F /* Countries+Injection.swift */,
			);
			path = Countries;
			sourceTree = "<group>";
		};
		54A8DFBA23C559AD00D1F36F /* Countries+Models */ = {
			isa = PBXGroup;
			children = (
				54A8DFBB23C559C100D1F36F /* Country.swift */,
			);
			path = "Countries+Models";
			sourceTree = "<group>";
		};
		B8EBE9AB10BA951FE5215C1E /* Frameworks */ = {
			isa = PBXGroup;
			children = (
				0DBE0CADF00503DC3D005661 /* Pods_Currency_Converter.framework */,
			);
			name = Frameworks;
			sourceTree = "<group>";
		};
		CF8CA40D5E9AFE3F637153E5 /* Pods */ = {
			isa = PBXGroup;
			children = (
				F3783E4BC501341F4BD4757A /* Pods-Currency Converter.debug.xcconfig */,
				1D1E75E1AC2DBA2BEB459C21 /* Pods-Currency Converter.release.xcconfig */,
			);
			path = Pods;
			sourceTree = "<group>";
		};
/* End PBXGroup section */

/* Begin PBXNativeTarget section */
		54A8DF9223C549F300D1F36F /* Currency Converter */ = {
			isa = PBXNativeTarget;
			buildConfigurationList = 54A8DFA723C549F400D1F36F /* Build configuration list for PBXNativeTarget "Currency Converter" */;
			buildPhases = (
				27C6D610477B0DAFC422331A /* [CP] Check Pods Manifest.lock */,
				54A8DF8F23C549F300D1F36F /* Sources */,
				54A8DF9023C549F300D1F36F /* Frameworks */,
				54A8DF9123C549F300D1F36F /* Resources */,
				393433CEB5947561944E0D1C /* [CP] Embed Pods Frameworks */,
			);
			buildRules = (
			);
			dependencies = (
			);
			name = "Currency Converter";
			productName = "Currency Converter";
			productReference = 54A8DF9323C549F300D1F36F /* Currency Converter.app */;
			productType = "com.apple.product-type.application";
		};
/* End PBXNativeTarget section */

/* Begin PBXProject section */
		54A8DF8B23C549F300D1F36F /* Project object */ = {
			isa = PBXProject;
			attributes = {
				LastSwiftUpdateCheck = 1120;
				LastUpgradeCheck = 1120;
				ORGANIZATIONNAME = Dinnova;
				TargetAttributes = {
					54A8DF9223C549F300D1F36F = {
						CreatedOnToolsVersion = 11.2.1;
					};
				};
			};
			buildConfigurationList = 54A8DF8E23C549F300D1F36F /* Build configuration list for PBXProject "Currency Converter" */;
			compatibilityVersion = "Xcode 9.3";
			developmentRegion = en;
			hasScannedForEncodings = 0;
			knownRegions = (
				en,
				Base,
			);
			mainGroup = 54A8DF8A23C549F300D1F36F;
			productRefGroup = 54A8DF9423C549F300D1F36F /* Products */;
			projectDirPath = "";
			projectRoot = "";
			targets = (
				54A8DF9223C549F300D1F36F /* Currency Converter */,
			);
		};
/* End PBXProject section */

/* Begin PBXResourcesBuildPhase section */
		54A8DF9123C549F300D1F36F /* Resources */ = {
			isa = PBXResourcesBuildPhase;
			buildActionMask = 2147483647;
			files = (
				54A8DFA323C549F400D1F36F /* LaunchScreen.storyboard in Resources */,
				54A8DFA023C549F400D1F36F /* Assets.xcassets in Resources */,
				54A8DFAD23C555E800D1F36F /* countries_list.json in Resources */,
				54A8DF9E23C549F300D1F36F /* Main.storyboard in Resources */,
			);
			runOnlyForDeploymentPostprocessing = 0;
		};
/* End PBXResourcesBuildPhase section */

/* Begin PBXShellScriptBuildPhase section */
		27C6D610477B0DAFC422331A /* [CP] Check Pods Manifest.lock */ = {
			isa = PBXShellScriptBuildPhase;
			buildActionMask = 2147483647;
			files = (
			);
			inputFileListPaths = (
			);
			inputPaths = (
				"${PODS_PODFILE_DIR_PATH}/Podfile.lock",
				"${PODS_ROOT}/Manifest.lock",
			);
			name = "[CP] Check Pods Manifest.lock";
			outputFileListPaths = (
			);
			outputPaths = (
				"$(DERIVED_FILE_DIR)/Pods-Currency Converter-checkManifestLockResult.txt",
			);
			runOnlyForDeploymentPostprocessing = 0;
			shellPath = /bin/sh;
			shellScript = "diff \"${PODS_PODFILE_DIR_PATH}/Podfile.lock\" \"${PODS_ROOT}/Manifest.lock\" > /dev/null\nif [ $? != 0 ] ; then\n    # print error to STDERR\n    echo \"error: The sandbox is not in sync with the Podfile.lock. Run 'pod install' or update your CocoaPods installation.\" >&2\n    exit 1\nfi\n# This output is used by Xcode 'outputs' to avoid re-running this script phase.\necho \"SUCCESS\" > \"${SCRIPT_OUTPUT_FILE_0}\"\n";
			showEnvVarsInLog = 0;
		};
		393433CEB5947561944E0D1C /* [CP] Embed Pods Frameworks */ = {
			isa = PBXShellScriptBuildPhase;
			buildActionMask = 2147483647;
			files = (
			);
			inputFileListPaths = (
				"${PODS_ROOT}/Target Support Files/Pods-Currency Converter/Pods-Currency Converter-frameworks-${CONFIGURATION}-input-files.xcfilelist",
			);
			name = "[CP] Embed Pods Frameworks";
			outputFileListPaths = (
				"${PODS_ROOT}/Target Support Files/Pods-Currency Converter/Pods-Currency Converter-frameworks-${CONFIGURATION}-output-files.xcfilelist",
			);
			runOnlyForDeploymentPostprocessing = 0;
			shellPath = /bin/sh;
			shellScript = "\"${PODS_ROOT}/Target Support Files/Pods-Currency Converter/Pods-Currency Converter-frameworks.sh\"\n";
			showEnvVarsInLog = 0;
		};
/* End PBXShellScriptBuildPhase section */

/* Begin PBXSourcesBuildPhase section */
		54A8DF8F23C549F300D1F36F /* Sources */ = {
			isa = PBXSourcesBuildPhase;
			buildActionMask = 2147483647;
			files = (
				54A8DF9B23C549F300D1F36F /* CountriesVC.swift in Sources */,
				54A8DFB323C5583400D1F36F /* GeneralConstants.swift in Sources */,
				54A8DFC223C55D1500D1F36F /* Countries+UseCases.swift in Sources */,
				54A8DFC023C55B9400D1F36F /* Countries+Repository.swift in Sources */,
				54A8DFAF23C557F500D1F36F /* BaseVC.swift in Sources */,
				54A8DFBE23C55ABC00D1F36F /* Countries+ViewModel.swift in Sources */,
				54A8DFB723C558CA00D1F36F /* Colors.swift in Sources */,
				54A8DFBC23C559C100D1F36F /* Country.swift in Sources */,
				54A8DFB123C5581800D1F36F /* UIView+Extensions.swift in Sources */,
				54A8DF9723C549F300D1F36F /* AppDelegate.swift in Sources */,
				54A8DFC423C5696200D1F36F /* Countries+Injection.swift in Sources */,
				54A8DFB523C558A900D1F36F /* Utils.swift in Sources */,
			);
			runOnlyForDeploymentPostprocessing = 0;
		};
/* End PBXSourcesBuildPhase section */

/* Begin PBXVariantGroup section */
		54A8DF9C23C549F300D1F36F /* Main.storyboard */ = {
			isa = PBXVariantGroup;
			children = (
				54A8DF9D23C549F300D1F36F /* Base */,
			);
			name = Main.storyboard;
			sourceTree = "<group>";
		};
		54A8DFA123C549F400D1F36F /* LaunchScreen.storyboard */ = {
			isa = PBXVariantGroup;
			children = (
				54A8DFA223C549F400D1F36F /* Base */,
			);
			name = LaunchScreen.storyboard;
			sourceTree = "<group>";
		};
/* End PBXVariantGroup section */

/* Begin XCBuildConfiguration section */
		54A8DFA523C549F400D1F36F /* Debug */ = {
			isa = XCBuildConfiguration;
			buildSettings = {
				ALWAYS_SEARCH_USER_PATHS = NO;
				CLANG_ANALYZER_NONNULL = YES;
				CLANG_ANALYZER_NUMBER_OBJECT_CONVERSION = YES_AGGRESSIVE;
				CLANG_CXX_LANGUAGE_STANDARD = "gnu++14";
				CLANG_CXX_LIBRARY = "libc++";
				CLANG_ENABLE_MODULES = YES;
				CLANG_ENABLE_OBJC_ARC = YES;
				CLANG_ENABLE_OBJC_WEAK = YES;
				CLANG_WARN_BLOCK_CAPTURE_AUTORELEASING = YES;
				CLANG_WARN_BOOL_CONVERSION = YES;
				CLANG_WARN_COMMA = YES;
				CLANG_WARN_CONSTANT_CONVERSION = YES;
				CLANG_WARN_DEPRECATED_OBJC_IMPLEMENTATIONS = YES;
				CLANG_WARN_DIRECT_OBJC_ISA_USAGE = YES_ERROR;
				CLANG_WARN_DOCUMENTATION_COMMENTS = YES;
				CLANG_WARN_EMPTY_BODY = YES;
				CLANG_WARN_ENUM_CONVERSION = YES;
				CLANG_WARN_INFINITE_RECURSION = YES;
				CLANG_WARN_INT_CONVERSION = YES;
				CLANG_WARN_NON_LITERAL_NULL_CONVERSION = YES;
				CLANG_WARN_OBJC_IMPLICIT_RETAIN_SELF = YES;
				CLANG_WARN_OBJC_LITERAL_CONVERSION = YES;
				CLANG_WARN_OBJC_ROOT_CLASS = YES_ERROR;
				CLANG_WARN_RANGE_LOOP_ANALYSIS = YES;
				CLANG_WARN_STRICT_PROTOTYPES = YES;
				CLANG_WARN_SUSPICIOUS_MOVE = YES;
				CLANG_WARN_UNGUARDED_AVAILABILITY = YES_AGGRESSIVE;
				CLANG_WARN_UNREACHABLE_CODE = YES;
				CLANG_WARN__DUPLICATE_METHOD_MATCH = YES;
				COPY_PHASE_STRIP = NO;
				DEBUG_INFORMATION_FORMAT = dwarf;
				ENABLE_STRICT_OBJC_MSGSEND = YES;
				ENABLE_TESTABILITY = YES;
				GCC_C_LANGUAGE_STANDARD = gnu11;
				GCC_DYNAMIC_NO_PIC = NO;
				GCC_NO_COMMON_BLOCKS = YES;
				GCC_OPTIMIZATION_LEVEL = 0;
				GCC_PREPROCESSOR_DEFINITIONS = (
					"DEBUG=1",
					"$(inherited)",
				);
				GCC_WARN_64_TO_32_BIT_CONVERSION = YES;
				GCC_WARN_ABOUT_RETURN_TYPE = YES_ERROR;
				GCC_WARN_UNDECLARED_SELECTOR = YES;
				GCC_WARN_UNINITIALIZED_AUTOS = YES_AGGRESSIVE;
				GCC_WARN_UNUSED_FUNCTION = YES;
				GCC_WARN_UNUSED_VARIABLE = YES;
				IPHONEOS_DEPLOYMENT_TARGET = 13.2;
				MTL_ENABLE_DEBUG_INFO = INCLUDE_SOURCE;
				MTL_FAST_MATH = YES;
				ONLY_ACTIVE_ARCH = YES;
				SDKROOT = iphoneos;
				SWIFT_ACTIVE_COMPILATION_CONDITIONS = DEBUG;
				SWIFT_OPTIMIZATION_LEVEL = "-Onone";
			};
			name = Debug;
		};
		54A8DFA623C549F400D1F36F /* Release */ = {
			isa = XCBuildConfiguration;
			buildSettings = {
				ALWAYS_SEARCH_USER_PATHS = NO;
				CLANG_ANALYZER_NONNULL = YES;
				CLANG_ANALYZER_NUMBER_OBJECT_CONVERSION = YES_AGGRESSIVE;
				CLANG_CXX_LANGUAGE_STANDARD = "gnu++14";
				CLANG_CXX_LIBRARY = "libc++";
				CLANG_ENABLE_MODULES = YES;
				CLANG_ENABLE_OBJC_ARC = YES;
				CLANG_ENABLE_OBJC_WEAK = YES;
				CLANG_WARN_BLOCK_CAPTURE_AUTORELEASING = YES;
				CLANG_WARN_BOOL_CONVERSION = YES;
				CLANG_WARN_COMMA = YES;
				CLANG_WARN_CONSTANT_CONVERSION = YES;
				CLANG_WARN_DEPRECATED_OBJC_IMPLEMENTATIONS = YES;
				CLANG_WARN_DIRECT_OBJC_ISA_USAGE = YES_ERROR;
				CLANG_WARN_DOCUMENTATION_COMMENTS = YES;
				CLANG_WARN_EMPTY_BODY = YES;
				CLANG_WARN_ENUM_CONVERSION = YES;
				CLANG_WARN_INFINITE_RECURSION = YES;
				CLANG_WARN_INT_CONVERSION = YES;
				CLANG_WARN_NON_LITERAL_NULL_CONVERSION = YES;
				CLANG_WARN_OBJC_IMPLICIT_RETAIN_SELF = YES;
				CLANG_WARN_OBJC_LITERAL_CONVERSION = YES;
				CLANG_WARN_OBJC_ROOT_CLASS = YES_ERROR;
				CLANG_WARN_RANGE_LOOP_ANALYSIS = YES;
				CLANG_WARN_STRICT_PROTOTYPES = YES;
				CLANG_WARN_SUSPICIOUS_MOVE = YES;
				CLANG_WARN_UNGUARDED_AVAILABILITY = YES_AGGRESSIVE;
				CLANG_WARN_UNREACHABLE_CODE = YES;
				CLANG_WARN__DUPLICATE_METHOD_MATCH = YES;
				COPY_PHASE_STRIP = NO;
				DEBUG_INFORMATION_FORMAT = "dwarf-with-dsym";
				ENABLE_NS_ASSERTIONS = NO;
				ENABLE_STRICT_OBJC_MSGSEND = YES;
				GCC_C_LANGUAGE_STANDARD = gnu11;
				GCC_NO_COMMON_BLOCKS = YES;
				GCC_WARN_64_TO_32_BIT_CONVERSION = YES;
				GCC_WARN_ABOUT_RETURN_TYPE = YES_ERROR;
				GCC_WARN_UNDECLARED_SELECTOR = YES;
				GCC_WARN_UNINITIALIZED_AUTOS = YES_AGGRESSIVE;
				GCC_WARN_UNUSED_FUNCTION = YES;
				GCC_WARN_UNUSED_VARIABLE = YES;
				IPHONEOS_DEPLOYMENT_TARGET = 13.2;
				MTL_ENABLE_DEBUG_INFO = NO;
				MTL_FAST_MATH = YES;
				SDKROOT = iphoneos;
				SWIFT_COMPILATION_MODE = wholemodule;
				SWIFT_OPTIMIZATION_LEVEL = "-O";
				VALIDATE_PRODUCT = YES;
			};
			name = Release;
		};
		54A8DFA823C549F400D1F36F /* Debug */ = {
			isa = XCBuildConfiguration;
			baseConfigurationReference = F3783E4BC501341F4BD4757A /* Pods-Currency Converter.debug.xcconfig */;
			buildSettings = {
				ASSETCATALOG_COMPILER_APPICON_NAME = AppIcon;
				CODE_SIGN_STYLE = Automatic;
				DEVELOPMENT_TEAM = 54SF7G8ZKE;
				INFOPLIST_FILE = "Currency Converter/Info.plist";
				IPHONEOS_DEPLOYMENT_TARGET = 12.2;
				LD_RUNPATH_SEARCH_PATHS = (
					"$(inherited)",
					"@executable_path/Frameworks",
				);
				PRODUCT_BUNDLE_IDENTIFIER = "com.swensonhe.Currency-Converter";
				PRODUCT_NAME = "$(TARGET_NAME)";
				SWIFT_VERSION = 5.0;
				TARGETED_DEVICE_FAMILY = "1,2";
			};
			name = Debug;
		};
		54A8DFA923C549F400D1F36F /* Release */ = {
			isa = XCBuildConfiguration;
			baseConfigurationReference = 1D1E75E1AC2DBA2BEB459C21 /* Pods-Currency Converter.release.xcconfig */;
			buildSettings = {
				ASSETCATALOG_COMPILER_APPICON_NAME = AppIcon;
				CODE_SIGN_STYLE = Automatic;
				DEVELOPMENT_TEAM = 54SF7G8ZKE;
				INFOPLIST_FILE = "Currency Converter/Info.plist";
				IPHONEOS_DEPLOYMENT_TARGET = 12.2;
				LD_RUNPATH_SEARCH_PATHS = (
					"$(inherited)",
					"@executable_path/Frameworks",
				);
				PRODUCT_BUNDLE_IDENTIFIER = "com.swensonhe.Currency-Converter";
				PRODUCT_NAME = "$(TARGET_NAME)";
				SWIFT_VERSION = 5.0;
				TARGETED_DEVICE_FAMILY = "1,2";
			};
			name = Release;
		};
/* End XCBuildConfiguration section */

/* Begin XCConfigurationList section */
		54A8DF8E23C549F300D1F36F /* Build configuration list for PBXProject "Currency Converter" */ = {
			isa = XCConfigurationList;
			buildConfigurations = (
				54A8DFA523C549F400D1F36F /* Debug */,
				54A8DFA623C549F400D1F36F /* Release */,
			);
			defaultConfigurationIsVisible = 0;
			defaultConfigurationName = Release;
		};
		54A8DFA723C549F400D1F36F /* Build configuration list for PBXNativeTarget "Currency Converter" */ = {
			isa = XCConfigurationList;
			buildConfigurations = (
				54A8DFA823C549F400D1F36F /* Debug */,
				54A8DFA923C549F400D1F36F /* Release */,
			);
			defaultConfigurationIsVisible = 0;
			defaultConfigurationName = Release;
		};
/* End XCConfigurationList section */
	};
	rootObject = 54A8DF8B23C549F300D1F36F /* Project object */;
}
